
Microsoft Visual Studio Solution File, Format Version 12.00
# Visual Studio 15
VisualStudioVersion = 15.0.28010.2036
MinimumVisualStudioVersion = 10.0.40219.1
Project("{9A19103F-16F7-4668-BE54-9A1E7A4F7556}") = "Dapper.Testability.Adapters", "src\Dapper.Testability.Adapters\Dapper.Testability.Adapters.csproj", "{3D42F53D-69D5-442F-B010-E10D32B9E3A4}"
EndProject
Global
	GlobalSection(SolutionConfigurationPlatforms) = preSolution
		Debug|Any CPU = Debug|Any CPU
		Release|Any CPU = Release|Any CPU
	EndGlobalSection
	GlobalSection(ProjectConfigurationPlatforms) = postSolution
		{3D42F53D-69D5-442F-B010-E10D32B9E3A4}.Debug|Any CPU.ActiveCfg = Debug|Any CPU
		{3D42F53D-69D5-442F-B010-E10D32B9E3A4}.Debug|Any CPU.Build.0 = Debug|Any CPU
		{3D42F53D-69D5-442F-B010-E10D32B9E3A4}.Release|Any CPU.ActiveCfg = Release|Any CPU
		{3D42F53D-69D5-442F-B010-E10D32B9E3A4}.Release|Any CPU.Build.0 = Release|Any CPU
	EndGlobalSection
	GlobalSection(SolutionProperties) = preSolution
		HideSolutionNode = FALSE
	EndGlobalSection
	GlobalSection(ExtensibilityGlobals) = postSolution
		SolutionGuid = {842FD5E7-02A1-4773-9D68-ADE522A87EEA}
	EndGlobalSection
EndGlobal
