
Microsoft Visual Studio Solution File, Format Version 12.00
# Visual Studio 15
VisualStudioVersion = 15.0.28010.2041
MinimumVisualStudioVersion = 10.0.40219.1
Project("{9A19103F-16F7-4668-BE54-9A1E7A4F7556}") = "DataAbstractions.Dapper", "src\DataAbstractions.Dapper\DataAbstractions.Dapper.csproj", "{146BC2F1-9A1C-4A68-B15F-BF42FE61228B}"
EndProject
Global
	GlobalSection(SolutionConfigurationPlatforms) = preSolution
		Debug|Any CPU = Debug|Any CPU
		Release|Any CPU = Release|Any CPU
	EndGlobalSection
	GlobalSection(ProjectConfigurationPlatforms) = postSolution
		{146BC2F1-9A1C-4A68-B15F-BF42FE61228B}.Debug|Any CPU.ActiveCfg = Debug|Any CPU
		{146BC2F1-9A1C-4A68-B15F-BF42FE61228B}.Debug|Any CPU.Build.0 = Debug|Any CPU
		{146BC2F1-9A1C-4A68-B15F-BF42FE61228B}.Release|Any CPU.ActiveCfg = Release|Any CPU
		{146BC2F1-9A1C-4A68-B15F-BF42FE61228B}.Release|Any CPU.Build.0 = Release|Any CPU
	EndGlobalSection
	GlobalSection(SolutionProperties) = preSolution
		HideSolutionNode = FALSE
	EndGlobalSection
	GlobalSection(ExtensibilityGlobals) = postSolution
		SolutionGuid = {411C8A07-B8DF-458A-966B-15682C08AEDC}
	EndGlobalSection
EndGlobal
